Microsoft Visual Studio Solution File, Format Version 12.00
# Visual Studio Version 17
VisualStudioVersion = 17.5.2.0
MinimumVisualStudioVersion = 10.0.40219.1
Project("{FAE04EC0-301F-11D3-BF4B-00C04F79EFBC}") = "User", "User.csproj", "{2EB0D227-55BD-7F9A-7285-C99271D44340}"
EndProject
Global
	GlobalSection(SolutionConfigurationPlatforms) = preSolution
		Debug|Any CPU = Debug|Any CPU
		Release|Any CPU = Release|Any CPU
	EndGlobalSection
	GlobalSection(ProjectConfigurationPlatforms) = postSolution
		{2EB0D227-55BD-7F9A-7285-C99271D44340}.Debug|Any CPU.ActiveCfg = Debug|Any CPU
		{2EB0D227-55BD-7F9A-7285-C99271D44340}.Debug|Any CPU.Build.0 = Debug|Any CPU
		{2EB0D227-55BD-7F9A-7285-C99271D44340}.Release|Any CPU.ActiveCfg = Release|Any CPU
		{2EB0D227-55BD-7F9A-7285-C99271D44340}.Release|Any CPU.Build.0 = Release|Any CPU
	EndGlobalSection
	GlobalSection(SolutionProperties) = preSolution
		HideSolutionNode = FALSE
	EndGlobalSection
	GlobalSection(ExtensibilityGlobals) = postSolution
		SolutionGuid = {7A99AB0B-FC40-4081-B392-119F4DABF3D6}
	EndGlobalSection
EndGlobal 